// !$*UTF8*$!
{
	archiveVersion = 1;
	classes = {
	};
	objectVersion = 50;
	objects = {

/* Begin PBXBuildFile section */
		0DBA13E021A4439700F2D284 /* AppDelegate.m in Sources */ = {isa = PBXBuildFile; fileRef = 0DBA13DF21A4439700F2D284 /* AppDelegate.m */; };
		0DBA13E621A4439700F2D284 /* Main.storyboard in Resources */ = {isa = PBXBuildFile; fileRef = 0DBA13E421A4439700F2D284 /* Main.storyboard */; };
		0DBA13E821A4439800F2D284 /* Assets.xcassets in Resources */ = {isa = PBXBuildFile; fileRef = 0DBA13E721A4439800F2D284 /* Assets.xcassets */; };
		0DBA13EB21A4439800F2D284 /* LaunchScreen.storyboard in Resources */ = {isa = PBXBuildFile; fileRef = 0DBA13E921A4439800F2D284 /* LaunchScreen.storyboard */; };
		0DBA13EE21A4439800F2D284 /* main.m in Sources */ = {isa = PBXBuildFile; fileRef = 0DBA13ED21A4439800F2D284 /* main.m */; };
		0DBA13F721A44A9500F2D284 /* NetworkHelper.m in Sources */ = {isa = PBXBuildFile; fileRef = 0DBA13F621A44A9500F2D284 /* NetworkHelper.m */; };
		0DBA13FB21A573F700F2D284 /* BaseModel.m in Sources */ = {isa = PBXBuildFile; fileRef = 0DBA13FA21A573F700F2D284 /* BaseModel.m */; };
		0DBA13FE21A574F200F2D284 /* TopicsHotModel.m in Sources */ = {isa = PBXBuildFile; fileRef = 0DBA13FD21A574F200F2D284 /* TopicsHotModel.m */; };
		CFD8164E21A4EDE90098F526 /* TabBarController.m in Sources */ = {isa = PBXBuildFile; fileRef = CFD8164D21A4EDE90098F526 /* TabBarController.m */; };
		CFD8165121A4EE250098F526 /* NavigationController.m in Sources */ = {isa = PBXBuildFile; fileRef = CFD8165021A4EE250098F526 /* NavigationController.m */; };
		CFE2C94F21A531E6000DB613 /* HomePageViewController.m in Sources */ = {isa = PBXBuildFile; fileRef = CFE2C94E21A531E6000DB613 /* HomePageViewController.m */; };
		CFE2C95321A534D3000DB613 /* ProfileViewController.m in Sources */ = {isa = PBXBuildFile; fileRef = CFE2C95221A534D3000DB613 /* ProfileViewController.m */; };
		CFE2C95621A53D92000DB613 /* HomeNavigationItemBar.m in Sources */ = {isa = PBXBuildFile; fileRef = CFE2C95521A53D92000DB613 /* HomeNavigationItemBar.m */; };
		CFE2C95B21A54F4B000DB613 /* HotCollectionViewCell.m in Sources */ = {isa = PBXBuildFile; fileRef = CFE2C95A21A54F4B000DB613 /* HotCollectionViewCell.m */; };
		CFE2C95E21A68791000DB613 /* HomeCollectionViewFlowLayout.m in Sources */ = {isa = PBXBuildFile; fileRef = CFE2C95D21A68791000DB613 /* HomeCollectionViewFlowLayout.m */; };
		CFE2C96221A79FDC000DB613 /* CateViewController.m in Sources */ = {isa = PBXBuildFile; fileRef = CFE2C96121A79FDC000DB613 /* CateViewController.m */; };
		CFE2C96521A7A52B000DB613 /* CateModel.m in Sources */ = {isa = PBXBuildFile; fileRef = CFE2C96421A7A52B000DB613 /* CateModel.m */; };
		CFE2C96921A7DD3D000DB613 /* DetailViewController.m in Sources */ = {isa = PBXBuildFile; fileRef = CFE2C96821A7DD3D000DB613 /* DetailViewController.m */; };
		D493D7D1856321BC7C048B8C /* libPods-learn-v2ex-app.a in Frameworks */ = {isa = PBXBuildFile; fileRef = F3E504D98055FB3E526EB35F /* libPods-learn-v2ex-app.a */; };
/* End PBXBuildFile section */

/* Begin PBXFileReference section */
		0C6D0DD78E3238401AB2F8F7 /* Pods-learn-v2ex-app.release.xcconfig */ = {isa = PBXFileReference; includeInIndex = 1; lastKnownFileType = text.xcconfig; name = "Pods-learn-v2ex-app.release.xcconfig"; path = "Pods/Target Support Files/Pods-learn-v2ex-app/Pods-learn-v2ex-app.release.xcconfig"; sourceTree = "<group>"; };
		0DBA13DB21A4439700F2D284 /* learn-v2ex-app.app */ = {isa = PBXFileReference; explicitFileType = wrapper.application; includeInIndex = 0; path = "learn-v2ex-app.app"; sourceTree = BUILT_PRODUCTS_DIR; };
		0DBA13DE21A4439700F2D284 /* AppDelegate.h */ = {isa = PBXFileReference; lastKnownFileType = sourcecode.c.h; path = AppDelegate.h; sourceTree = "<group>"; };
		0DBA13DF21A4439700F2D284 /* AppDelegate.m */ = {isa = PBXFileReference; lastKnownFileType = sourcecode.c.objc; path = AppDelegate.m; sourceTree = "<group>"; };
		0DBA13E521A4439700F2D284 /* Base */ = {isa = PBXFileReference; lastKnownFileType = file.storyboard; name = Base; path = Base.lproj/Main.storyboard; sourceTree = "<group>"; };
		0DBA13E721A4439800F2D284 /* Assets.xcassets */ = {isa = PBXFileReference; lastKnownFileType = folder.assetcatalog; path = Assets.xcassets; sourceTree = "<group>"; };
		0DBA13EA21A4439800F2D284 /* Base */ = {isa = PBXFileReference; lastKnownFileType = file.storyboard; name = Base; path = Base.lproj/LaunchScreen.storyboard; sourceTree = "<group>"; };
		0DBA13EC21A4439800F2D284 /* Info.plist */ = {isa = PBXFileReference; lastKnownFileType = text.plist.xml; path = Info.plist; sourceTree = "<group>"; };
		0DBA13ED21A4439800F2D284 /* main.m */ = {isa = PBXFileReference; lastKnownFileType = sourcecode.c.objc; path = main.m; sourceTree = "<group>"; };
		0DBA13F521A44A9500F2D284 /* NetworkHelper.h */ = {isa = PBXFileReference; lastKnownFileType = sourcecode.c.h; path = NetworkHelper.h; sourceTree = "<group>"; };
		0DBA13F621A44A9500F2D284 /* NetworkHelper.m */ = {isa = PBXFileReference; lastKnownFileType = sourcecode.c.objc; path = NetworkHelper.m; sourceTree = "<group>"; };
		0DBA13F921A573F700F2D284 /* BaseModel.h */ = {isa = PBXFileReference; lastKnownFileType = sourcecode.c.h; path = BaseModel.h; sourceTree = "<group>"; };
		0DBA13FA21A573F700F2D284 /* BaseModel.m */ = {isa = PBXFileReference; lastKnownFileType = sourcecode.c.objc; path = BaseModel.m; sourceTree = "<group>"; };
		0DBA13FC21A574F200F2D284 /* TopicsHotModel.h */ = {isa = PBXFileReference; lastKnownFileType = sourcecode.c.h; path = TopicsHotModel.h; sourceTree = "<group>"; };
		0DBA13FD21A574F200F2D284 /* TopicsHotModel.m */ = {isa = PBXFileReference; lastKnownFileType = sourcecode.c.objc; path = TopicsHotModel.m; sourceTree = "<group>"; };
		5BB3EC5BE4B34BC047EA6763 /* Pods-learn-v2ex-app.debug.xcconfig */ = {isa = PBXFileReference; includeInIndex = 1; lastKnownFileType = text.xcconfig; name = "Pods-learn-v2ex-app.debug.xcconfig"; path = "Pods/Target Support Files/Pods-learn-v2ex-app/Pods-learn-v2ex-app.debug.xcconfig"; sourceTree = "<group>"; };
		CFD8164C21A4EDE90098F526 /* TabBarController.h */ = {isa = PBXFileReference; lastKnownFileType = sourcecode.c.h; path = TabBarController.h; sourceTree = "<group>"; };
		CFD8164D21A4EDE90098F526 /* TabBarController.m */ = {isa = PBXFileReference; lastKnownFileType = sourcecode.c.objc; path = TabBarController.m; sourceTree = "<group>"; };
		CFD8164F21A4EE250098F526 /* NavigationController.h */ = {isa = PBXFileReference; lastKnownFileType = sourcecode.c.h; path = NavigationController.h; sourceTree = "<group>"; };
		CFD8165021A4EE250098F526 /* NavigationController.m */ = {isa = PBXFileReference; lastKnownFileType = sourcecode.c.objc; path = NavigationController.m; sourceTree = "<group>"; };
		CFE2C94D21A531E6000DB613 /* HomePageViewController.h */ = {isa = PBXFileReference; lastKnownFileType = sourcecode.c.h; path = HomePageViewController.h; sourceTree = "<group>"; };
		CFE2C94E21A531E6000DB613 /* HomePageViewController.m */ = {isa = PBXFileReference; lastKnownFileType = sourcecode.c.objc; path = HomePageViewController.m; sourceTree = "<group>"; };
		CFE2C95121A534D3000DB613 /* ProfileViewController.h */ = {isa = PBXFileReference; lastKnownFileType = sourcecode.c.h; path = ProfileViewController.h; sourceTree = "<group>"; };
		CFE2C95221A534D3000DB613 /* ProfileViewController.m */ = {isa = PBXFileReference; lastKnownFileType = sourcecode.c.objc; path = ProfileViewController.m; sourceTree = "<group>"; };
		CFE2C95421A53D92000DB613 /* HomeNavigationItemBar.h */ = {isa = PBXFileReference; lastKnownFileType = sourcecode.c.h; path = HomeNavigationItemBar.h; sourceTree = "<group>"; };
		CFE2C95521A53D92000DB613 /* HomeNavigationItemBar.m */ = {isa = PBXFileReference; lastKnownFileType = sourcecode.c.objc; path = HomeNavigationItemBar.m; sourceTree = "<group>"; };
		CFE2C95821A54445000DB613 /* Constants.h */ = {isa = PBXFileReference; lastKnownFileType = sourcecode.c.h; path = Constants.h; sourceTree = "<group>"; };
		CFE2C95921A54F4B000DB613 /* HotCollectionViewCell.h */ = {isa = PBXFileReference; lastKnownFileType = sourcecode.c.h; path = HotCollectionViewCell.h; sourceTree = "<group>"; };
		CFE2C95A21A54F4B000DB613 /* HotCollectionViewCell.m */ = {isa = PBXFileReference; lastKnownFileType = sourcecode.c.objc; path = HotCollectionViewCell.m; sourceTree = "<group>"; };
		CFE2C95C21A68791000DB613 /* HomeCollectionViewFlowLayout.h */ = {isa = PBXFileReference; lastKnownFileType = sourcecode.c.h; path = HomeCollectionViewFlowLayout.h; sourceTree = "<group>"; };
		CFE2C95D21A68791000DB613 /* HomeCollectionViewFlowLayout.m */ = {isa = PBXFileReference; lastKnownFileType = sourcecode.c.objc; path = HomeCollectionViewFlowLayout.m; sourceTree = "<group>"; };
		CFE2C96021A79FDC000DB613 /* CateViewController.h */ = {isa = PBXFileReference; lastKnownFileType = sourcecode.c.h; path = CateViewController.h; sourceTree = "<group>"; };
		CFE2C96121A79FDC000DB613 /* CateViewController.m */ = {isa = PBXFileReference; lastKnownFileType = sourcecode.c.objc; path = CateViewController.m; sourceTree = "<group>"; };
		CFE2C96321A7A52B000DB613 /* CateModel.h */ = {isa = PBXFileReference; lastKnownFileType = sourcecode.c.h; path = CateModel.h; sourceTree = "<group>"; };
		CFE2C96421A7A52B000DB613 /* CateModel.m */ = {isa = PBXFileReference; lastKnownFileType = sourcecode.c.objc; path = CateModel.m; sourceTree = "<group>"; };
		CFE2C96721A7DD3D000DB613 /* DetailViewController.h */ = {isa = PBXFileReference; lastKnownFileType = sourcecode.c.h; path = DetailViewController.h; sourceTree = "<group>"; };
		CFE2C96821A7DD3D000DB613 /* DetailViewController.m */ = {isa = PBXFileReference; lastKnownFileType = sourcecode.c.objc; path = DetailViewController.m; sourceTree = "<group>"; };
		F3E504D98055FB3E526EB35F /* libPods-learn-v2ex-app.a */ = {isa = PBXFileReference; explicitFileType = archive.ar; includeInIndex = 0; path = "libPods-learn-v2ex-app.a"; sourceTree = BUILT_PRODUCTS_DIR; };
/* End PBXFileReference section */

/* Begin PBXFrameworksBuildPhase section */
		0DBA13D821A4439700F2D284 /* Frameworks */ = {
			isa = PBXFrameworksBuildPhase;
			buildActionMask = 2147483647;
			files = (
				D493D7D1856321BC7C048B8C /* libPods-learn-v2ex-app.a in Frameworks */,
			);
			runOnlyForDeploymentPostprocessing = 0;
		};
/* End PBXFrameworksBuildPhase section */

/* Begin PBXGroup section */
		0DBA13D221A4439700F2D284 = {
			isa = PBXGroup;
			children = (
				0DBA13DD21A4439700F2D284 /* learn-v2ex-app */,
				0DBA13DC21A4439700F2D284 /* Products */,
				621DF8A106E51CDF206FA312 /* Pods */,
				1E4D25FA525DABBC17681680 /* Frameworks */,
			);
			sourceTree = "<group>";
		};
		0DBA13DC21A4439700F2D284 /* Products */ = {
			isa = PBXGroup;
			children = (
				0DBA13DB21A4439700F2D284 /* learn-v2ex-app.app */,
			);
			name = Products;
			sourceTree = "<group>";
		};
		0DBA13DD21A4439700F2D284 /* learn-v2ex-app */ = {
			isa = PBXGroup;
			children = (
				0DBA13F821A573D900F2D284 /* Model */,
				CFE2C95721A54429000DB613 /* utils */,
				CFD8164921A4ECA60098F526 /* modules */,
				0DBA13F421A4456C00F2D284 /* Network */,
				0DBA13DE21A4439700F2D284 /* AppDelegate.h */,
				0DBA13DF21A4439700F2D284 /* AppDelegate.m */,
				0DBA13E421A4439700F2D284 /* Main.storyboard */,
				0DBA13E721A4439800F2D284 /* Assets.xcassets */,
				0DBA13E921A4439800F2D284 /* LaunchScreen.storyboard */,
				0DBA13EC21A4439800F2D284 /* Info.plist */,
				0DBA13ED21A4439800F2D284 /* main.m */,
			);
			path = "learn-v2ex-app";
			sourceTree = "<group>";
		};
		0DBA13F421A4456C00F2D284 /* Network */ = {
			isa = PBXGroup;
			children = (
				0DBA13F521A44A9500F2D284 /* NetworkHelper.h */,
				0DBA13F621A44A9500F2D284 /* NetworkHelper.m */,
			);
			name = Network;
			sourceTree = "<group>";
		};
		0DBA13F821A573D900F2D284 /* Model */ = {
			isa = PBXGroup;
			children = (
				0DBA13F921A573F700F2D284 /* BaseModel.h */,
				0DBA13FA21A573F700F2D284 /* BaseModel.m */,
				0DBA13FC21A574F200F2D284 /* TopicsHotModel.h */,
				0DBA13FD21A574F200F2D284 /* TopicsHotModel.m */,
				CFE2C96321A7A52B000DB613 /* CateModel.h */,
				CFE2C96421A7A52B000DB613 /* CateModel.m */,
			);
			path = Model;
			sourceTree = "<group>";
		};
		1E4D25FA525DABBC17681680 /* Frameworks */ = {
			isa = PBXGroup;
			children = (
				F3E504D98055FB3E526EB35F /* libPods-learn-v2ex-app.a */,
			);
			name = Frameworks;
			sourceTree = "<group>";
		};
		621DF8A106E51CDF206FA312 /* Pods */ = {
			isa = PBXGroup;
			children = (
				5BB3EC5BE4B34BC047EA6763 /* Pods-learn-v2ex-app.debug.xcconfig */,
				0C6D0DD78E3238401AB2F8F7 /* Pods-learn-v2ex-app.release.xcconfig */,
			);
			name = Pods;
			sourceTree = "<group>";
		};
		CFD8164921A4ECA60098F526 /* modules */ = {
			isa = PBXGroup;
			children = (
				CFE2C96621A7DD18000DB613 /* Detail - 详情页 */,
				CFE2C95F21A79C3A000DB613 /* Categroies - 类型 */,
				CFE2C95021A534BA000DB613 /* Profile - 个人设置 */,
				CFE2C94921A50B72000DB613 /* Main - 主页部分 */,
				CFD8164A21A4ED490098F526 /* Other */,
			);
			path = modules;
			sourceTree = "<group>";
		};
		CFD8164A21A4ED490098F526 /* Other */ = {
			isa = PBXGroup;
			children = (
				CFD8164B21A4ED520098F526 /* Controller */,
			);
			name = Other;
			sourceTree = "<group>";
		};
		CFD8164B21A4ED520098F526 /* Controller */ = {
			isa = PBXGroup;
			children = (
				CFD8164C21A4EDE90098F526 /* TabBarController.h */,
				CFD8164D21A4EDE90098F526 /* TabBarController.m */,
				CFD8164F21A4EE250098F526 /* NavigationController.h */,
				CFD8165021A4EE250098F526 /* NavigationController.m */,
			);
			path = Controller;
			sourceTree = "<group>";
		};
		CFE2C94921A50B72000DB613 /* Main - 主页部分 */ = {
			isa = PBXGroup;
			children = (
				CFE2C94D21A531E6000DB613 /* HomePageViewController.h */,
				CFE2C94E21A531E6000DB613 /* HomePageViewController.m */,
				CFE2C95421A53D92000DB613 /* HomeNavigationItemBar.h */,
				CFE2C95521A53D92000DB613 /* HomeNavigationItemBar.m */,
				CFE2C95921A54F4B000DB613 /* HotCollectionViewCell.h */,
				CFE2C95A21A54F4B000DB613 /* HotCollectionViewCell.m */,
				CFE2C95C21A68791000DB613 /* HomeCollectionViewFlowLayout.h */,
				CFE2C95D21A68791000DB613 /* HomeCollectionViewFlowLayout.m */,
			);
			path = "Main - 主页部分";
			sourceTree = "<group>";
		};
		CFE2C95021A534BA000DB613 /* Profile - 个人设置 */ = {
			isa = PBXGroup;
			children = (
				CFE2C95121A534D3000DB613 /* ProfileViewController.h */,
				CFE2C95221A534D3000DB613 /* ProfileViewController.m */,
			);
			name = "Profile - 个人设置";
			sourceTree = "<group>";
		};
		CFE2C95721A54429000DB613 /* utils */ = {
			isa = PBXGroup;
			children = (
				CFE2C95821A54445000DB613 /* Constants.h */,
			);
			name = utils;
			sourceTree = "<group>";
		};
		CFE2C95F21A79C3A000DB613 /* Categroies - 类型 */ = {
			isa = PBXGroup;
			children = (
				CFE2C96021A79FDC000DB613 /* CateViewController.h */,
				CFE2C96121A79FDC000DB613 /* CateViewController.m */,
			);
			path = "Categroies - 类型";
			sourceTree = "<group>";
		};
		CFE2C96621A7DD18000DB613 /* Detail - 详情页 */ = {
			isa = PBXGroup;
			children = (
				CFE2C96721A7DD3D000DB613 /* DetailViewController.h */,
				CFE2C96821A7DD3D000DB613 /* DetailViewController.m */,
			);
			name = "Detail - 详情页";
			sourceTree = "<group>";
		};
/* End PBXGroup section */

/* Begin PBXNativeTarget section */
		0DBA13DA21A4439700F2D284 /* learn-v2ex-app */ = {
			isa = PBXNativeTarget;
			buildConfigurationList = 0DBA13F121A4439800F2D284 /* Build configuration list for PBXNativeTarget "learn-v2ex-app" */;
			buildPhases = (
				83A29F17371CFF1C33CF782D /* [CP] Check Pods Manifest.lock */,
				0DBA13D721A4439700F2D284 /* Sources */,
				0DBA13D821A4439700F2D284 /* Frameworks */,
				0DBA13D921A4439700F2D284 /* Resources */,
				57DA167112653ED2B6D93826 /* [CP] Copy Pods Resources */,
			);
			buildRules = (
			);
			dependencies = (
			);
			name = "learn-v2ex-app";
			productName = "learn-v2ex-app";
			productReference = 0DBA13DB21A4439700F2D284 /* learn-v2ex-app.app */;
			productType = "com.apple.product-type.application";
		};
/* End PBXNativeTarget section */

/* Begin PBXProject section */
		0DBA13D321A4439700F2D284 /* Project object */ = {
			isa = PBXProject;
			attributes = {
				LastUpgradeCheck = 1010;
				ORGANIZATIONNAME = iotek;
				TargetAttributes = {
					0DBA13DA21A4439700F2D284 = {
						CreatedOnToolsVersion = 10.1;
					};
				};
			};
			buildConfigurationList = 0DBA13D621A4439700F2D284 /* Build configuration list for PBXProject "learn-v2ex-app" */;
			compatibilityVersion = "Xcode 9.3";
			developmentRegion = en;
			hasScannedForEncodings = 0;
			knownRegions = (
				en,
				Base,
			);
			mainGroup = 0DBA13D221A4439700F2D284;
			productRefGroup = 0DBA13DC21A4439700F2D284 /* Products */;
			projectDirPath = "";
			projectRoot = "";
			targets = (
				0DBA13DA21A4439700F2D284 /* learn-v2ex-app */,
			);
		};
/* End PBXProject section */

/* Begin PBXResourcesBuildPhase section */
		0DBA13D921A4439700F2D284 /* Resources */ = {
			isa = PBXResourcesBuildPhase;
			buildActionMask = 2147483647;
			files = (
				0DBA13EB21A4439800F2D284 /* LaunchScreen.storyboard in Resources */,
				0DBA13E821A4439800F2D284 /* Assets.xcassets in Resources */,
				0DBA13E621A4439700F2D284 /* Main.storyboard in Resources */,
			);
			runOnlyForDeploymentPostprocessing = 0;
		};
/* End PBXResourcesBuildPhase section */

/* Begin PBXShellScriptBuildPhase section */
		57DA167112653ED2B6D93826 /* [CP] Copy Pods Resources */ = {
			isa = PBXShellScriptBuildPhase;
			buildActionMask = 2147483647;
			files = (
			);
			inputPaths = (
				"${SRCROOT}/Pods/Target Support Files/Pods-learn-v2ex-app/Pods-learn-v2ex-app-resources.sh",
				"${PODS_ROOT}/MJRefresh/MJRefresh/MJRefresh.bundle",
			);
			name = "[CP] Copy Pods Resources";
			outputPaths = (
				"${TARGET_BUILD_DIR}/${UNLOCALIZED_RESOURCES_FOLDER_PATH}/MJRefresh.bundle",
			);
			runOnlyForDeploymentPostprocessing = 0;
			shellPath = /bin/sh;
			shellScript = "\"${SRCROOT}/Pods/Target Support Files/Pods-learn-v2ex-app/Pods-learn-v2ex-app-resources.sh\"\n";
			showEnvVarsInLog = 0;
		};
		83A29F17371CFF1C33CF782D /* [CP] Check Pods Manifest.lock */ = {
			isa = PBXShellScriptBuildPhase;
			buildActionMask = 2147483647;
			files = (
			);
			inputPaths = (
				"${PODS_PODFILE_DIR_PATH}/Podfile.lock",
				"${PODS_ROOT}/Manifest.lock",
			);
			name = "[CP] Check Pods Manifest.lock";
			outputPaths = (
				"$(DERIVED_FILE_DIR)/Pods-learn-v2ex-app-checkManifestLockResult.txt",
			);
			runOnlyForDeploymentPostprocessing = 0;
			shellPath = /bin/sh;
			shellScript = "diff \"${PODS_PODFILE_DIR_PATH}/Podfile.lock\" \"${PODS_ROOT}/Manifest.lock\" > /dev/null\nif [ $? != 0 ] ; then\n    # print error to STDERR\n    echo \"error: The sandbox is not in sync with the Podfile.lock. Run 'pod install' or update your CocoaPods installation.\" >&2\n    exit 1\nfi\n# This output is used by Xcode 'outputs' to avoid re-running this script phase.\necho \"SUCCESS\" > \"${SCRIPT_OUTPUT_FILE_0}\"\n";
			showEnvVarsInLog = 0;
		};
/* End PBXShellScriptBuildPhase section */

/* Begin PBXSourcesBuildPhase section */
		0DBA13D721A4439700F2D284 /* Sources */ = {
			isa = PBXSourcesBuildPhase;
			buildActionMask = 2147483647;
			files = (
				0DBA13F721A44A9500F2D284 /* NetworkHelper.m in Sources */,
				CFD8164E21A4EDE90098F526 /* TabBarController.m in Sources */,
				0DBA13FE21A574F200F2D284 /* TopicsHotModel.m in Sources */,
				CFE2C94F21A531E6000DB613 /* HomePageViewController.m in Sources */,
				CFE2C95B21A54F4B000DB613 /* HotCollectionViewCell.m in Sources */,
				CFE2C96921A7DD3D000DB613 /* DetailViewController.m in Sources */,
				CFD8165121A4EE250098F526 /* NavigationController.m in Sources */,
				CFE2C95321A534D3000DB613 /* ProfileViewController.m in Sources */,
				0DBA13EE21A4439800F2D284 /* main.m in Sources */,
				0DBA13E021A4439700F2D284 /* AppDelegate.m in Sources */,
				0DBA13FB21A573F700F2D284 /* BaseModel.m in Sources */,
				CFE2C96221A79FDC000DB613 /* CateViewController.m in Sources */,
				CFE2C95621A53D92000DB613 /* HomeNavigationItemBar.m in Sources */,
				CFE2C96521A7A52B000DB613 /* CateModel.m in Sources */,
				CFE2C95E21A68791000DB613 /* HomeCollectionViewFlowLayout.m in Sources */,
			);
			runOnlyForDeploymentPostprocessing = 0;
		};
/* End PBXSourcesBuildPhase section */

/* Begin PBXVariantGroup section */
		0DBA13E421A4439700F2D284 /* Main.storyboard */ = {
			isa = PBXVariantGroup;
			children = (
				0DBA13E521A4439700F2D284 /* Base */,
			);
			name = Main.storyboard;
			sourceTree = "<group>";
		};
		0DBA13E921A4439800F2D284 /* LaunchScreen.storyboard */ = {
			isa = PBXVariantGroup;
			children = (
				0DBA13EA21A4439800F2D284 /* Base */,
			);
			name = LaunchScreen.storyboard;
			sourceTree = "<group>";
		};
/* End PBXVariantGroup section */

/* Begin XCBuildConfiguration section */
		0DBA13EF21A4439800F2D284 /* Debug */ = {
			isa = XCBuildConfiguration;
			buildSettings = {
				ALWAYS_SEARCH_USER_PATHS = NO;
				CLANG_ANALYZER_NONNULL = YES;
				CLANG_ANALYZER_NUMBER_OBJECT_CONVERSION = YES_AGGRESSIVE;
				CLANG_CXX_LANGUAGE_STANDARD = "gnu++14";
				CLANG_CXX_LIBRARY = "libc++";
				CLANG_ENABLE_MODULES = YES;
				CLANG_ENABLE_OBJC_ARC = YES;
				CLANG_ENABLE_OBJC_WEAK = YES;
				CLANG_WARN_BLOCK_CAPTURE_AUTORELEASING = YES;
				CLANG_WARN_BOOL_CONVERSION = YES;
				CLANG_WARN_COMMA = YES;
				CLANG_WARN_CONSTANT_CONVERSION = YES;
				CLANG_WARN_DEPRECATED_OBJC_IMPLEMENTATIONS = YES;
				CLANG_WARN_DIRECT_OBJC_ISA_USAGE = YES_ERROR;
				CLANG_WARN_DOCUMENTATION_COMMENTS = YES;
				CLANG_WARN_EMPTY_BODY = YES;
				CLANG_WARN_ENUM_CONVERSION = YES;
				CLANG_WARN_INFINITE_RECURSION = YES;
				CLANG_WARN_INT_CONVERSION = YES;
				CLANG_WARN_NON_LITERAL_NULL_CONVERSION = YES;
				CLANG_WARN_OBJC_IMPLICIT_RETAIN_SELF = YES;
				CLANG_WARN_OBJC_LITERAL_CONVERSION = YES;
				CLANG_WARN_OBJC_ROOT_CLASS = YES_ERROR;
				CLANG_WARN_RANGE_LOOP_ANALYSIS = YES;
				CLANG_WARN_STRICT_PROTOTYPES = YES;
				CLANG_WARN_SUSPICIOUS_MOVE = YES;
				CLANG_WARN_UNGUARDED_AVAILABILITY = YES_AGGRESSIVE;
				CLANG_WARN_UNREACHABLE_CODE = YES;
				CLANG_WARN__DUPLICATE_METHOD_MATCH = YES;
				CODE_SIGN_IDENTITY = "iPhone Developer";
				COPY_PHASE_STRIP = NO;
				DEBUG_INFORMATION_FORMAT = dwarf;
				ENABLE_STRICT_OBJC_MSGSEND = YES;
				ENABLE_TESTABILITY = YES;
				GCC_C_LANGUAGE_STANDARD = gnu11;
				GCC_DYNAMIC_NO_PIC = NO;
				GCC_NO_COMMON_BLOCKS = YES;
				GCC_OPTIMIZATION_LEVEL = 0;
				GCC_PREPROCESSOR_DEFINITIONS = (
					"DEBUG=1",
					"$(inherited)",
				);
				GCC_WARN_64_TO_32_BIT_CONVERSION = YES;
				GCC_WARN_ABOUT_RETURN_TYPE = YES_ERROR;
				GCC_WARN_UNDECLARED_SELECTOR = YES;
				GCC_WARN_UNINITIALIZED_AUTOS = YES_AGGRESSIVE;
				GCC_WARN_UNUSED_FUNCTION = YES;
				GCC_WARN_UNUSED_VARIABLE = YES;
				IPHONEOS_DEPLOYMENT_TARGET = 12.1;
				MTL_ENABLE_DEBUG_INFO = INCLUDE_SOURCE;
				MTL_FAST_MATH = YES;
				ONLY_ACTIVE_ARCH = YES;
				SDKROOT = iphoneos;
			};
			name = Debug;
		};
		0DBA13F021A4439800F2D284 /* Release */ = {
			isa = XCBuildConfiguration;
			buildSettings = {
				ALWAYS_SEARCH_USER_PATHS = NO;
				CLANG_ANALYZER_NONNULL = YES;
				CLANG_ANALYZER_NUMBER_OBJECT_CONVERSION = YES_AGGRESSIVE;
				CLANG_CXX_LANGUAGE_STANDARD = "gnu++14";
				CLANG_CXX_LIBRARY = "libc++";
				CLANG_ENABLE_MODULES = YES;
				CLANG_ENABLE_OBJC_ARC = YES;
				CLANG_ENABLE_OBJC_WEAK = YES;
				CLANG_WARN_BLOCK_CAPTURE_AUTORELEASING = YES;
				CLANG_WARN_BOOL_CONVERSION = YES;
				CLANG_WARN_COMMA = YES;
				CLANG_WARN_CONSTANT_CONVERSION = YES;
				CLANG_WARN_DEPRECATED_OBJC_IMPLEMENTATIONS = YES;
				CLANG_WARN_DIRECT_OBJC_ISA_USAGE = YES_ERROR;
				CLANG_WARN_DOCUMENTATION_COMMENTS = YES;
				CLANG_WARN_EMPTY_BODY = YES;
				CLANG_WARN_ENUM_CONVERSION = YES;
				CLANG_WARN_INFINITE_RECURSION = YES;
				CLANG_WARN_INT_CONVERSION = YES;
				CLANG_WARN_NON_LITERAL_NULL_CONVERSION = YES;
				CLANG_WARN_OBJC_IMPLICIT_RETAIN_SELF = YES;
				CLANG_WARN_OBJC_LITERAL_CONVERSION = YES;
				CLANG_WARN_OBJC_ROOT_CLASS = YES_ERROR;
				CLANG_WARN_RANGE_LOOP_ANALYSIS = YES;
				CLANG_WARN_STRICT_PROTOTYPES = YES;
				CLANG_WARN_SUSPICIOUS_MOVE = YES;
				CLANG_WARN_UNGUARDED_AVAILABILITY = YES_AGGRESSIVE;
				CLANG_WARN_UNREACHABLE_CODE = YES;
				CLANG_WARN__DUPLICATE_METHOD_MATCH = YES;
				CODE_SIGN_IDENTITY = "iPhone Developer";
				COPY_PHASE_STRIP = NO;
				DEBUG_INFORMATION_FORMAT = "dwarf-with-dsym";
				ENABLE_NS_ASSERTIONS = NO;
				ENABLE_STRICT_OBJC_MSGSEND = YES;
				GCC_C_LANGUAGE_STANDARD = gnu11;
				GCC_NO_COMMON_BLOCKS = YES;
				GCC_WARN_64_TO_32_BIT_CONVERSION = YES;
				GCC_WARN_ABOUT_RETURN_TYPE = YES_ERROR;
				GCC_WARN_UNDECLARED_SELECTOR = YES;
				GCC_WARN_UNINITIALIZED_AUTOS = YES_AGGRESSIVE;
				GCC_WARN_UNUSED_FUNCTION = YES;
				GCC_WARN_UNUSED_VARIABLE = YES;
				IPHONEOS_DEPLOYMENT_TARGET = 12.1;
				MTL_ENABLE_DEBUG_INFO = NO;
				MTL_FAST_MATH = YES;
				SDKROOT = iphoneos;
				VALIDATE_PRODUCT = YES;
			};
			name = Release;
		};
		0DBA13F221A4439800F2D284 /* Debug */ = {
			isa = XCBuildConfiguration;
			baseConfigurationReference = 5BB3EC5BE4B34BC047EA6763 /* Pods-learn-v2ex-app.debug.xcconfig */;
			buildSettings = {
				ASSETCATALOG_COMPILER_APPICON_NAME = AppIcon;
				CODE_SIGN_STYLE = Automatic;
				INFOPLIST_FILE = "learn-v2ex-app/Info.plist";
				IPHONEOS_DEPLOYMENT_TARGET = 9.0;
				LD_RUNPATH_SEARCH_PATHS = (
					"$(inherited)",
					"@executable_path/Frameworks",
				);
				PRODUCT_BUNDLE_IDENTIFIER = "com.iotek.learn-v2ex-app";
				PRODUCT_NAME = "$(TARGET_NAME)";
				TARGETED_DEVICE_FAMILY = "1,2";
			};
			name = Debug;
		};
		0DBA13F321A4439800F2D284 /* Release */ = {
			isa = XCBuildConfiguration;
			baseConfigurationReference = 0C6D0DD78E3238401AB2F8F7 /* Pods-learn-v2ex-app.release.xcconfig */;
			buildSettings = {
				ASSETCATALOG_COMPILER_APPICON_NAME = AppIcon;
				CODE_SIGN_STYLE = Automatic;
				INFOPLIST_FILE = "learn-v2ex-app/Info.plist";
				IPHONEOS_DEPLOYMENT_TARGET = 9.0;
				LD_RUNPATH_SEARCH_PATHS = (
					"$(inherited)",
					"@executable_path/Frameworks",
				);
				PRODUCT_BUNDLE_IDENTIFIER = "com.iotek.learn-v2ex-app";
				PRODUCT_NAME = "$(TARGET_NAME)";
				TARGETED_DEVICE_FAMILY = "1,2";
			};
			name = Release;
		};
/* End XCBuildConfiguration section */

/* Begin XCConfigurationList section */
		0DBA13D621A4439700F2D284 /* Build configuration list for PBXProject "learn-v2ex-app" */ = {
			isa = XCConfigurationList;
			buildConfigurations = (
				0DBA13EF21A4439800F2D284 /* Debug */,
				0DBA13F021A4439800F2D284 /* Release */,
			);
			defaultConfigurationIsVisible = 0;
			defaultConfigurationName = Release;
		};
		0DBA13F121A4439800F2D284 /* Build configuration list for PBXNativeTarget "learn-v2ex-app" */ = {
			isa = XCConfigurationList;
			buildConfigurations = (
				0DBA13F221A4439800F2D284 /* Debug */,
				0DBA13F321A4439800F2D284 /* Release */,
			);
			defaultConfigurationIsVisible = 0;
			defaultConfigurationName = Release;
		};
/* End XCConfigurationList section */
	};
	rootObject = 0DBA13D321A4439700F2D284 /* Project object */;
}
